
Microsoft Visual Studio Solution File, Format Version 12.00
# Visual Studio Version 17
VisualStudioVersion = 17.5.33516.290
MinimumVisualStudioVersion = 10.0.40219.1
Project("{FAE04EC0-301F-11D3-BF4B-00C04F79EFBC}") = "Segundo_projeto", "Segundo_projeto\Segundo_projeto.csproj", "{B6A6EACC-C33D-4F9E-9D13-A6D5E4BCFF73}"
EndProject
Global
	GlobalSection(SolutionConfigurationPlatforms) = preSolution
		Debug|Any CPU = Debug|Any CPU
		Release|Any CPU = Release|Any CPU
	EndGlobalSection
	GlobalSection(ProjectConfigurationPlatforms) = postSolution
		{B6A6EACC-C33D-4F9E-9D13-A6D5E4BCFF73}.Debug|Any CPU.ActiveCfg = Debug|Any CPU
		{B6A6EACC-C33D-4F9E-9D13-A6D5E4BCFF73}.Debug|Any CPU.Build.0 = Debug|Any CPU
		{B6A6EACC-C33D-4F9E-9D13-A6D5E4BCFF73}.Release|Any CPU.ActiveCfg = Release|Any CPU
		{B6A6EACC-C33D-4F9E-9D13-A6D5E4BCFF73}.Release|Any CPU.Build.0 = Release|Any CPU
	EndGlobalSection
	GlobalSection(SolutionProperties) = preSolution
		HideSolutionNode = FALSE
	EndGlobalSection
	GlobalSection(ExtensibilityGlobals) = postSolution
		SolutionGuid = {82244ECB-8522-499B-8982-156B86B742D6}
	EndGlobalSection
EndGlobal
