
Microsoft Visual Studio Solution File, Format Version 12.00
# Visual Studio Version 17
VisualStudioVersion = 17.5.33516.290
MinimumVisualStudioVersion = 10.0.40219.1
Project("{FAE04EC0-301F-11D3-BF4B-00C04F79EFBC}") = "Variaveis", "Variaveis\Variaveis.csproj", "{405156D1-F055-4A9D-9801-8B94BF0FEBA6}"
EndProject
Global
	GlobalSection(SolutionConfigurationPlatforms) = preSolution
		Debug|Any CPU = Debug|Any CPU
		Release|Any CPU = Release|Any CPU
	EndGlobalSection
	GlobalSection(ProjectConfigurationPlatforms) = postSolution
		{405156D1-F055-4A9D-9801-8B94BF0FEBA6}.Debug|Any CPU.ActiveCfg = Debug|Any CPU
		{405156D1-F055-4A9D-9801-8B94BF0FEBA6}.Debug|Any CPU.Build.0 = Debug|Any CPU
		{405156D1-F055-4A9D-9801-8B94BF0FEBA6}.Release|Any CPU.ActiveCfg = Release|Any CPU
		{405156D1-F055-4A9D-9801-8B94BF0FEBA6}.Release|Any CPU.Build.0 = Release|Any CPU
	EndGlobalSection
	GlobalSection(SolutionProperties) = preSolution
		HideSolutionNode = FALSE
	EndGlobalSection
	GlobalSection(ExtensibilityGlobals) = postSolution
		SolutionGuid = {68DBE9C8-C980-45B5-9A73-1F7F99211472}
	EndGlobalSection
EndGlobal
