
Microsoft Visual Studio Solution File, Format Version 12.00
# Visual Studio Version 17
VisualStudioVersion = 17.5.33516.290
MinimumVisualStudioVersion = 10.0.40219.1
Project("{FAE04EC0-301F-11D3-BF4B-00C04F79EFBC}") = "PrimeiroProjeto", "PrimeiroProjeto\PrimeiroProjeto.csproj", "{1A9EEE45-7E3D-49FF-A599-19213AB8A6CE}"
EndProject
Global
	GlobalSection(SolutionConfigurationPlatforms) = preSolution
		Debug|Any CPU = Debug|Any CPU
		Release|Any CPU = Release|Any CPU
	EndGlobalSection
	GlobalSection(ProjectConfigurationPlatforms) = postSolution
		{1A9EEE45-7E3D-49FF-A599-19213AB8A6CE}.Debug|Any CPU.ActiveCfg = Debug|Any CPU
		{1A9EEE45-7E3D-49FF-A599-19213AB8A6CE}.Debug|Any CPU.Build.0 = Debug|Any CPU
		{1A9EEE45-7E3D-49FF-A599-19213AB8A6CE}.Release|Any CPU.ActiveCfg = Release|Any CPU
		{1A9EEE45-7E3D-49FF-A599-19213AB8A6CE}.Release|Any CPU.Build.0 = Release|Any CPU
	EndGlobalSection
	GlobalSection(SolutionProperties) = preSolution
		HideSolutionNode = FALSE
	EndGlobalSection
	GlobalSection(ExtensibilityGlobals) = postSolution
		SolutionGuid = {E4C44A3F-2197-4479-A802-3DBC1B57D2B3}
	EndGlobalSection
EndGlobal
